
Microsoft Visual Studio Solution File, Format Version 12.00
# Visual Studio Version 16
VisualStudioVersion = 16.0.30114.105
MinimumVisualStudioVersion = 10.0.40219.1
Project("{2150E333-8FDC-42A3-9474-1A3956D46DE8}") = "cicd", "cicd", "{5C20A0CA-E54E-4083-9CBB-116038F7E7C0}"
EndProject
Project("{FAE04EC0-301F-11D3-BF4B-00C04F79EFBC}") = "Cicd.Artifacts", "cicd\Cicd.Artifacts\Cicd.Artifacts.csproj", "{C0ACB83C-7671-4217-AEF2-757E6EC06216}"
EndProject
Project("{FAE04EC0-301F-11D3-BF4B-00C04F79EFBC}") = "Cicd.BuildDriver", "cicd\Cicd.BuildDriver\Cicd.BuildDriver.csproj", "{3AA14E9F-C23B-4917-88CA-7DD85A42B278}"
EndProject
Project("{FAE04EC0-301F-11D3-BF4B-00C04F79EFBC}") = "Cicd.DeployDriver", "cicd\Cicd.DeployDriver\Cicd.DeployDriver.csproj", "{56DBE655-837D-4CD9-B441-59979A140BC9}"
EndProject
Project("{FAE04EC0-301F-11D3-BF4B-00C04F79EFBC}") = "Cicd.Utils", "cicd\Cicd.Utils\Cicd.Utils.csproj", "{167304D7-32BA-4AF2-9AD0-12B4CFAA7E83}"
EndProject
Project("{FAE04EC0-301F-11D3-BF4B-00C04F79EFBC}") = "Cicd.DeployDriver", "cicd\Cicd.StartDatabase\Cicd.DeployDriver.csproj", "{682866CF-1C52-460F-AC1A-82E8733A2CC9}"
EndProject
Global
	GlobalSection(SolutionConfigurationPlatforms) = preSolution
		Debug|Any CPU = Debug|Any CPU
		Release|Any CPU = Release|Any CPU
	EndGlobalSection
	GlobalSection(SolutionProperties) = preSolution
		HideSolutionNode = FALSE
	EndGlobalSection
	GlobalSection(ProjectConfigurationPlatforms) = postSolution
		{C0ACB83C-7671-4217-AEF2-757E6EC06216}.Debug|Any CPU.ActiveCfg = Debug|Any CPU
		{C0ACB83C-7671-4217-AEF2-757E6EC06216}.Debug|Any CPU.Build.0 = Debug|Any CPU
		{C0ACB83C-7671-4217-AEF2-757E6EC06216}.Release|Any CPU.ActiveCfg = Release|Any CPU
		{C0ACB83C-7671-4217-AEF2-757E6EC06216}.Release|Any CPU.Build.0 = Release|Any CPU
		{3AA14E9F-C23B-4917-88CA-7DD85A42B278}.Debug|Any CPU.ActiveCfg = Debug|Any CPU
		{3AA14E9F-C23B-4917-88CA-7DD85A42B278}.Debug|Any CPU.Build.0 = Debug|Any CPU
		{3AA14E9F-C23B-4917-88CA-7DD85A42B278}.Release|Any CPU.ActiveCfg = Release|Any CPU
		{3AA14E9F-C23B-4917-88CA-7DD85A42B278}.Release|Any CPU.Build.0 = Release|Any CPU
		{56DBE655-837D-4CD9-B441-59979A140BC9}.Debug|Any CPU.ActiveCfg = Debug|Any CPU
		{56DBE655-837D-4CD9-B441-59979A140BC9}.Debug|Any CPU.Build.0 = Debug|Any CPU
		{56DBE655-837D-4CD9-B441-59979A140BC9}.Release|Any CPU.ActiveCfg = Release|Any CPU
		{56DBE655-837D-4CD9-B441-59979A140BC9}.Release|Any CPU.Build.0 = Release|Any CPU
		{167304D7-32BA-4AF2-9AD0-12B4CFAA7E83}.Debug|Any CPU.ActiveCfg = Debug|Any CPU
		{167304D7-32BA-4AF2-9AD0-12B4CFAA7E83}.Debug|Any CPU.Build.0 = Debug|Any CPU
		{167304D7-32BA-4AF2-9AD0-12B4CFAA7E83}.Release|Any CPU.ActiveCfg = Release|Any CPU
		{167304D7-32BA-4AF2-9AD0-12B4CFAA7E83}.Release|Any CPU.Build.0 = Release|Any CPU
		{682866CF-1C52-460F-AC1A-82E8733A2CC9}.Debug|Any CPU.ActiveCfg = Debug|Any CPU
		{682866CF-1C52-460F-AC1A-82E8733A2CC9}.Debug|Any CPU.Build.0 = Debug|Any CPU
		{682866CF-1C52-460F-AC1A-82E8733A2CC9}.Release|Any CPU.ActiveCfg = Release|Any CPU
		{682866CF-1C52-460F-AC1A-82E8733A2CC9}.Release|Any CPU.Build.0 = Release|Any CPU
	EndGlobalSection
	GlobalSection(NestedProjects) = preSolution
		{C0ACB83C-7671-4217-AEF2-757E6EC06216} = {5C20A0CA-E54E-4083-9CBB-116038F7E7C0}
		{3AA14E9F-C23B-4917-88CA-7DD85A42B278} = {5C20A0CA-E54E-4083-9CBB-116038F7E7C0}
		{56DBE655-837D-4CD9-B441-59979A140BC9} = {5C20A0CA-E54E-4083-9CBB-116038F7E7C0}
		{167304D7-32BA-4AF2-9AD0-12B4CFAA7E83} = {5C20A0CA-E54E-4083-9CBB-116038F7E7C0}
		{682866CF-1C52-460F-AC1A-82E8733A2CC9} = {5C20A0CA-E54E-4083-9CBB-116038F7E7C0}
	EndGlobalSection
EndGlobal
