
Microsoft Visual Studio Solution File, Format Version 12.00
# Visual Studio 15
VisualStudioVersion = 15.0.26124.0
MinimumVisualStudioVersion = 15.0.26124.0
Project("{2150E333-8FDC-42A3-9474-1A3956D46DE8}") = "src", "src", "{ADC404AA-7966-41E9-9C16-2F41B706DF16}"
EndProject
Project("{FAE04EC0-301F-11D3-BF4B-00C04F79EFBC}") = "Mutedac.StartDatabase", "src\Mutedac.StartDatabase\Mutedac.StartDatabase.csproj", "{DB5D3E5A-24A5-4A77-896D-CC08DD431B9F}"
EndProject
Project("{FAE04EC0-301F-11D3-BF4B-00C04F79EFBC}") = "Tests", "tests\Tests.csproj", "{72D687CE-D9FE-47AF-846F-E7971C7B82C6}"
EndProject
Project("{FAE04EC0-301F-11D3-BF4B-00C04F79EFBC}") = "Mutedac.Core", "src\Mutedac.Core\Mutedac.Core.csproj", "{A11FA293-6A74-40E4-8A46-675917211D52}"
EndProject
Project("{FAE04EC0-301F-11D3-BF4B-00C04F79EFBC}") = "Mutedac.WaitForDatabaseAvailability", "src\Mutedac.WaitForDatabaseAvailability\Mutedac.WaitForDatabaseAvailability.csproj", "{6D36C755-3BE7-41B9-9A26-E9674E5CB61F}"
EndProject
Global
	GlobalSection(SolutionConfigurationPlatforms) = preSolution
		Debug|Any CPU = Debug|Any CPU
		Debug|x64 = Debug|x64
		Debug|x86 = Debug|x86
		Release|Any CPU = Release|Any CPU
		Release|x64 = Release|x64
		Release|x86 = Release|x86
	EndGlobalSection
	GlobalSection(SolutionProperties) = preSolution
		HideSolutionNode = FALSE
	EndGlobalSection
	GlobalSection(ProjectConfigurationPlatforms) = postSolution
		{DB5D3E5A-24A5-4A77-896D-CC08DD431B9F}.Debug|Any CPU.ActiveCfg = Debug|Any CPU
		{DB5D3E5A-24A5-4A77-896D-CC08DD431B9F}.Debug|Any CPU.Build.0 = Debug|Any CPU
		{DB5D3E5A-24A5-4A77-896D-CC08DD431B9F}.Debug|x64.ActiveCfg = Debug|Any CPU
		{DB5D3E5A-24A5-4A77-896D-CC08DD431B9F}.Debug|x64.Build.0 = Debug|Any CPU
		{DB5D3E5A-24A5-4A77-896D-CC08DD431B9F}.Debug|x86.ActiveCfg = Debug|Any CPU
		{DB5D3E5A-24A5-4A77-896D-CC08DD431B9F}.Debug|x86.Build.0 = Debug|Any CPU
		{DB5D3E5A-24A5-4A77-896D-CC08DD431B9F}.Release|Any CPU.ActiveCfg = Release|Any CPU
		{DB5D3E5A-24A5-4A77-896D-CC08DD431B9F}.Release|Any CPU.Build.0 = Release|Any CPU
		{DB5D3E5A-24A5-4A77-896D-CC08DD431B9F}.Release|x64.ActiveCfg = Release|Any CPU
		{DB5D3E5A-24A5-4A77-896D-CC08DD431B9F}.Release|x64.Build.0 = Release|Any CPU
		{DB5D3E5A-24A5-4A77-896D-CC08DD431B9F}.Release|x86.ActiveCfg = Release|Any CPU
		{DB5D3E5A-24A5-4A77-896D-CC08DD431B9F}.Release|x86.Build.0 = Release|Any CPU
		{72D687CE-D9FE-47AF-846F-E7971C7B82C6}.Debug|Any CPU.ActiveCfg = Debug|Any CPU
		{72D687CE-D9FE-47AF-846F-E7971C7B82C6}.Debug|Any CPU.Build.0 = Debug|Any CPU
		{72D687CE-D9FE-47AF-846F-E7971C7B82C6}.Debug|x64.ActiveCfg = Debug|Any CPU
		{72D687CE-D9FE-47AF-846F-E7971C7B82C6}.Debug|x64.Build.0 = Debug|Any CPU
		{72D687CE-D9FE-47AF-846F-E7971C7B82C6}.Debug|x86.ActiveCfg = Debug|Any CPU
		{72D687CE-D9FE-47AF-846F-E7971C7B82C6}.Debug|x86.Build.0 = Debug|Any CPU
		{72D687CE-D9FE-47AF-846F-E7971C7B82C6}.Release|Any CPU.ActiveCfg = Release|Any CPU
		{72D687CE-D9FE-47AF-846F-E7971C7B82C6}.Release|Any CPU.Build.0 = Release|Any CPU
		{72D687CE-D9FE-47AF-846F-E7971C7B82C6}.Release|x64.ActiveCfg = Release|Any CPU
		{72D687CE-D9FE-47AF-846F-E7971C7B82C6}.Release|x64.Build.0 = Release|Any CPU
		{72D687CE-D9FE-47AF-846F-E7971C7B82C6}.Release|x86.ActiveCfg = Release|Any CPU
		{72D687CE-D9FE-47AF-846F-E7971C7B82C6}.Release|x86.Build.0 = Release|Any CPU
		{A11FA293-6A74-40E4-8A46-675917211D52}.Debug|Any CPU.ActiveCfg = Debug|Any CPU
		{A11FA293-6A74-40E4-8A46-675917211D52}.Debug|Any CPU.Build.0 = Debug|Any CPU
		{A11FA293-6A74-40E4-8A46-675917211D52}.Debug|x64.ActiveCfg = Debug|Any CPU
		{A11FA293-6A74-40E4-8A46-675917211D52}.Debug|x64.Build.0 = Debug|Any CPU
		{A11FA293-6A74-40E4-8A46-675917211D52}.Debug|x86.ActiveCfg = Debug|Any CPU
		{A11FA293-6A74-40E4-8A46-675917211D52}.Debug|x86.Build.0 = Debug|Any CPU
		{A11FA293-6A74-40E4-8A46-675917211D52}.Release|Any CPU.ActiveCfg = Release|Any CPU
		{A11FA293-6A74-40E4-8A46-675917211D52}.Release|Any CPU.Build.0 = Release|Any CPU
		{A11FA293-6A74-40E4-8A46-675917211D52}.Release|x64.ActiveCfg = Release|Any CPU
		{A11FA293-6A74-40E4-8A46-675917211D52}.Release|x64.Build.0 = Release|Any CPU
		{A11FA293-6A74-40E4-8A46-675917211D52}.Release|x86.ActiveCfg = Release|Any CPU
		{A11FA293-6A74-40E4-8A46-675917211D52}.Release|x86.Build.0 = Release|Any CPU
		{6D36C755-3BE7-41B9-9A26-E9674E5CB61F}.Debug|Any CPU.ActiveCfg = Debug|Any CPU
		{6D36C755-3BE7-41B9-9A26-E9674E5CB61F}.Debug|Any CPU.Build.0 = Debug|Any CPU
		{6D36C755-3BE7-41B9-9A26-E9674E5CB61F}.Debug|x64.ActiveCfg = Debug|Any CPU
		{6D36C755-3BE7-41B9-9A26-E9674E5CB61F}.Debug|x64.Build.0 = Debug|Any CPU
		{6D36C755-3BE7-41B9-9A26-E9674E5CB61F}.Debug|x86.ActiveCfg = Debug|Any CPU
		{6D36C755-3BE7-41B9-9A26-E9674E5CB61F}.Debug|x86.Build.0 = Debug|Any CPU
		{6D36C755-3BE7-41B9-9A26-E9674E5CB61F}.Release|Any CPU.ActiveCfg = Release|Any CPU
		{6D36C755-3BE7-41B9-9A26-E9674E5CB61F}.Release|Any CPU.Build.0 = Release|Any CPU
		{6D36C755-3BE7-41B9-9A26-E9674E5CB61F}.Release|x64.ActiveCfg = Release|Any CPU
		{6D36C755-3BE7-41B9-9A26-E9674E5CB61F}.Release|x64.Build.0 = Release|Any CPU
		{6D36C755-3BE7-41B9-9A26-E9674E5CB61F}.Release|x86.ActiveCfg = Release|Any CPU
		{6D36C755-3BE7-41B9-9A26-E9674E5CB61F}.Release|x86.Build.0 = Release|Any CPU
	EndGlobalSection
	GlobalSection(NestedProjects) = preSolution
		{DB5D3E5A-24A5-4A77-896D-CC08DD431B9F} = {ADC404AA-7966-41E9-9C16-2F41B706DF16}
		{A11FA293-6A74-40E4-8A46-675917211D52} = {ADC404AA-7966-41E9-9C16-2F41B706DF16}
		{6D36C755-3BE7-41B9-9A26-E9674E5CB61F} = {ADC404AA-7966-41E9-9C16-2F41B706DF16}
	EndGlobalSection
EndGlobal
