{
  "version": 1,
  "dependencies": {
    "net6.0": {
      "AWSSDK.ECR": {
        "type": "Direct",
        "requested": "[3.7.4.63, )",
        "resolved": "3.7.4.63",
        "contentHash": "9Ozif21Fl4/gmFJpDzjEcJLcMDQtz0GWW+1DRUtk6KSLuiDQzHdtc8CYxCNCiX7RM5g9HzqsODx2jzpdEKDw+w==",
        "dependencies": {
          "AWSSDK.Core": "[3.7.12.30, 4.0.0)"
        }
      },
      "AWSSDK.ECRPublic": {
        "type": "Direct",
        "requested": "[3.7.0.201, )",
        "resolved": "3.7.0.201",
        "contentHash": "8XEb5WXcw2pIsPDt6LaiwAVftDtGTR3uDsYWrM8TThLg49VXdTUbwsPdjX5N15gW3JSuovumQByCz69tl5/VKw==",
        "dependencies": {
          "AWSSDK.Core": "[3.7.12.30, 4.0.0)"
        }
      },
      "AWSSDK.Core": {
        "type": "Transitive",
        "resolved": "3.7.12.30",
        "contentHash": "N1Gbed5ZgfNnePUiKvsENHGSFMPMunAa6Vg4JunNbVGgErY4Eu1ajBBh+rvIu2bZSWVaqOT97Yn4LPQSVOOnDg=="
      }
    }
  }
}