{
  "version": 1,
  "dependencies": {
    "net6.0": {
      "AWSSDK.ECR": {
        "type": "Direct",
        "requested": "[3.7.4.37, )",
        "resolved": "3.7.4.37",
        "contentHash": "aEpCEs3yhcTEaoC8UzVzyZbzxAxrxbOygYA2/iy/dS+tfxACDkvl6c5VeqvqjL+0DHe+sIrypzofIt6N8WtUjw==",
        "dependencies": {
          "AWSSDK.Core": "[3.7.12.3, 4.0.0)"
        }
      },
      "AWSSDK.ECRPublic": {
        "type": "Direct",
        "requested": "[3.7.0.175, )",
        "resolved": "3.7.0.175",
        "contentHash": "INZR9XXB/hYaQTiGLpYCCJdq0WYUDaUs5KTnYiGB3jEiYLPYoGUD/mlEyPdYaVFpDHxKepwK6ZPyMh+KR1C/hg==",
        "dependencies": {
          "AWSSDK.Core": "[3.7.12.3, 4.0.0)"
        }
      },
      "AWSSDK.Core": {
        "type": "Transitive",
        "resolved": "3.7.12.3",
        "contentHash": "l2P2Tf6FE4eDDAbt6wNMVcPfmJaURMo8n/IO/oWvFi56WdfrQmYur+/QNh4hsRt6DT6CnNbpLpGcMQNLUlOmOQ=="
      }
    }
  }
}