{
  "version": 1,
  "dependencies": {
    "net6.0": {
      "AWSSDK.ECR": {
        "type": "Direct",
        "requested": "[3.7.4.39, )",
        "resolved": "3.7.4.39",
        "contentHash": "0BZO5cy5NkBC1ca9WxMxqbLhMZCMbBQ82jnLafnCqUd9/eRZ+twuhLqB03K77qcwoemsoGZkXJlW0OWSB459Vw==",
        "dependencies": {
          "AWSSDK.Core": "[3.7.12.5, 4.0.0)"
        }
      },
      "AWSSDK.ECRPublic": {
        "type": "Direct",
        "requested": "[3.7.0.177, )",
        "resolved": "3.7.0.177",
        "contentHash": "lP0KG2c3WzA4HQkcxMbdf4hXmlfrTeooSdhmJ9rBA5UcB/TbehuJ5sLGGD0x+65oRhZVEoGCK1xw2Vk6ssFpdg==",
        "dependencies": {
          "AWSSDK.Core": "[3.7.12.5, 4.0.0)"
        }
      },
      "AWSSDK.Core": {
        "type": "Transitive",
        "resolved": "3.7.12.5",
        "contentHash": "N0eY87bXXlKDJqO1iZmNLXCasXM8tdD9VLFGVnctm6UROY0gBaYClTobncM2TXyPIkMPxfNUBUbMOMRk1QYRBQ=="
      }
    }
  }
}